
Microsoft Visual Studio Solution File, Format Version 12.00
# Visual Studio Version 17
VisualStudioVersion = 17.0.32126.317
MinimumVisualStudioVersion = 10.0.40219.1
Project("{9A19103F-16F7-4668-BE54-9A1E7A4F7556}") = "CalculationOfEmployeeSalaries.Infrastructure", "CalculationOfEmployeeSalaries.Infrastructure\CalculationOfEmployeeSalaries.Infrastructure.csproj", "{BF4A6E02-2128-4C91-B45D-AF9EEAB3C9E8}"
EndProject
Project("{9A19103F-16F7-4668-BE54-9A1E7A4F7556}") = "CalculationOfEmployeeSalaries.Core", "CalculationOfEmployeeSalaries.Core\CalculationOfEmployeeSalaries.Core.csproj", "{1610A608-F6B9-4490-80CB-1365B615E07E}"
EndProject
Project("{2150E333-8FDC-42A3-9474-1A3956D46DE8}") = "Src", "Src", "{FB3B1610-87B3-4FFB-A76A-22325BDA90C2}"
EndProject
Project("{9A19103F-16F7-4668-BE54-9A1E7A4F7556}") = "CalculationOfEmployeeSalaries.Application", "CalculationOfEmployeeSalaries.Application\CalculationOfEmployeeSalaries.Application.csproj", "{39EB13F5-9B9C-4D6F-8522-7D50A59627BA}"
EndProject
Project("{2150E333-8FDC-42A3-9474-1A3956D46DE8}") = "Tests", "Tests", "{A6510208-84DF-4C70-ABCB-F2C5B9BE3ED6}"
EndProject
Project("{9A19103F-16F7-4668-BE54-9A1E7A4F7556}") = "CalculationOfEmployeeSalaries.UnitTests", "..\Tests\CalculationOfEmployeeSalaries.UnitTests\CalculationOfEmployeeSalaries.UnitTests.csproj", "{F05D39FA-E414-4434-9101-80F6C48C0AEA}"
EndProject
Global
	GlobalSection(SolutionConfigurationPlatforms) = preSolution
		Debug|Any CPU = Debug|Any CPU
		Release|Any CPU = Release|Any CPU
	EndGlobalSection
	GlobalSection(ProjectConfigurationPlatforms) = postSolution
		{BF4A6E02-2128-4C91-B45D-AF9EEAB3C9E8}.Debug|Any CPU.ActiveCfg = Debug|Any CPU
		{BF4A6E02-2128-4C91-B45D-AF9EEAB3C9E8}.Debug|Any CPU.Build.0 = Debug|Any CPU
		{BF4A6E02-2128-4C91-B45D-AF9EEAB3C9E8}.Release|Any CPU.ActiveCfg = Release|Any CPU
		{BF4A6E02-2128-4C91-B45D-AF9EEAB3C9E8}.Release|Any CPU.Build.0 = Release|Any CPU
		{1610A608-F6B9-4490-80CB-1365B615E07E}.Debug|Any CPU.ActiveCfg = Debug|Any CPU
		{1610A608-F6B9-4490-80CB-1365B615E07E}.Debug|Any CPU.Build.0 = Debug|Any CPU
		{1610A608-F6B9-4490-80CB-1365B615E07E}.Release|Any CPU.ActiveCfg = Release|Any CPU
		{1610A608-F6B9-4490-80CB-1365B615E07E}.Release|Any CPU.Build.0 = Release|Any CPU
		{39EB13F5-9B9C-4D6F-8522-7D50A59627BA}.Debug|Any CPU.ActiveCfg = Debug|Any CPU
		{39EB13F5-9B9C-4D6F-8522-7D50A59627BA}.Debug|Any CPU.Build.0 = Debug|Any CPU
		{39EB13F5-9B9C-4D6F-8522-7D50A59627BA}.Release|Any CPU.ActiveCfg = Release|Any CPU
		{39EB13F5-9B9C-4D6F-8522-7D50A59627BA}.Release|Any CPU.Build.0 = Release|Any CPU
		{F05D39FA-E414-4434-9101-80F6C48C0AEA}.Debug|Any CPU.ActiveCfg = Debug|Any CPU
		{F05D39FA-E414-4434-9101-80F6C48C0AEA}.Debug|Any CPU.Build.0 = Debug|Any CPU
		{F05D39FA-E414-4434-9101-80F6C48C0AEA}.Release|Any CPU.ActiveCfg = Release|Any CPU
		{F05D39FA-E414-4434-9101-80F6C48C0AEA}.Release|Any CPU.Build.0 = Release|Any CPU
	EndGlobalSection
	GlobalSection(SolutionProperties) = preSolution
		HideSolutionNode = FALSE
	EndGlobalSection
	GlobalSection(NestedProjects) = preSolution
		{BF4A6E02-2128-4C91-B45D-AF9EEAB3C9E8} = {FB3B1610-87B3-4FFB-A76A-22325BDA90C2}
		{1610A608-F6B9-4490-80CB-1365B615E07E} = {FB3B1610-87B3-4FFB-A76A-22325BDA90C2}
		{39EB13F5-9B9C-4D6F-8522-7D50A59627BA} = {FB3B1610-87B3-4FFB-A76A-22325BDA90C2}
		{F05D39FA-E414-4434-9101-80F6C48C0AEA} = {A6510208-84DF-4C70-ABCB-F2C5B9BE3ED6}
	EndGlobalSection
	GlobalSection(ExtensibilityGlobals) = postSolution
		SolutionGuid = {1626C357-7239-4DB8-AFE2-30B2BFE42119}
	EndGlobalSection
EndGlobal
